{
  "name": "js2il-mitata-benchmarks",
  "lockfileVersion": 3,
  "requires": true,
  "packages": {
    "": {
      "name": "js2il-mitata-benchmarks",
      "dependencies": {
        "mitata": "1.0.20",
        "string-width": "7.1.0"
      }
    },
    "node_modules/ansi-regex": {
      "version": "6.2.2",
      "resolved": "https://registry.npmjs.org/ansi-regex/-/ansi-regex-6.2.2.tgz",
      "integrity": "sha512-Bq3SmSpyFHaWjPk8If9yc6svM8c56dB5BAtW4Qbw5jHTwwXXcTLoRMkpDJp6VL0XzlWaCHTXrkFURMYmD0sLqg==",
      "license": "MIT",
      "engines": {
        "node": ">=12"
      },
      "funding": {
        "url": "https://github.com/chalk/ansi-regex?sponsor=1"
      }
    },
    "node_modules/emoji-regex": {
      "version": "10.6.0",
      "resolved": "https://registry.npmjs.org/emoji-regex/-/emoji-regex-10.6.0.tgz",
      "integrity": "sha512-toUI84YS5YmxW219erniWD0CIVOo46xGKColeNQRgOzDorgBi1v4D71/OFzgD9GO2UGKIv1C3Sp8DAn0+j5w7A==",
      "license": "MIT"
    },
    "node_modules/get-east-asian-width": {
      "version": "1.6.0",
      "resolved": "https://registry.npmjs.org/get-east-asian-width/-/get-east-asian-width-1.6.0.tgz",
      "integrity": "sha512-QRbvDIbx6YklUe6RxeTeleMR0yv3cYH6PsPZHcnVn7xv7zO1BHN8r0XETu8n6Ye3Q+ahtSarc3WgtNWmehIBfA==",
      "license": "MIT",
      "engines": {
        "node": ">=18"
      },
      "funding": {
        "url": "https://github.com/sponsors/sindresorhus"
      }
    },
    "node_modules/mitata": {
      "version": "1.0.20",
      "resolved": "https://registry.npmjs.org/mitata/-/mitata-1.0.20.tgz",
      "integrity": "sha512-oHWYGX5bi4wGT/1zrhiZAEzqTV14Vq6/PUTW8WK0b3YHBBQcZz2QFm+InHhjnD0I7B6CMtwdGt2K0938r7YTdQ==",
      "license": "MIT"
    },
    "node_modules/string-width": {
      "version": "7.1.0",
      "resolved": "https://registry.npmjs.org/string-width/-/string-width-7.1.0.tgz",
      "integrity": "sha512-SEIJCWiX7Kg4c129n48aDRwLbFb2LJmXXFrWBG4NGaRtMQ3myKPKbwrD1BKqQn74oCoNMBVrfDEr5M9YxCsrkw==",
      "license": "MIT",
      "dependencies": {
        "emoji-regex": "^10.3.0",
        "get-east-asian-width": "^1.0.0",
        "strip-ansi": "^7.1.0"
      },
      "engines": {
        "node": ">=18"
      },
      "funding": {
        "url": "https://github.com/sponsors/sindresorhus"
      }
    },
    "node_modules/strip-ansi": {
      "version": "7.2.0",
      "resolved": "https://registry.npmjs.org/strip-ansi/-/strip-ansi-7.2.0.tgz",
      "integrity": "sha512-yDPMNjp4WyfYBkHnjIRLfca1i6KMyGCtsVgoKe/z1+6vukgaENdgGBZt+ZmKPc4gavvEZ5OgHfHdrazhgNyG7w==",
      "license": "MIT",
      "dependencies": {
        "ansi-regex": "^6.2.2"
      },
      "engines": {
        "node": ">=12"
      },
      "funding": {
        "url": "https://github.com/chalk/strip-ansi?sponsor=1"
      }
    }
  }
}
