Microsoft Visual Studio Solution File, Format Version 12.00
# Visual Studio Version 17
VisualStudioVersion = 17.0.31903.59
MinimumVisualStudioVersion = 10.0.40219.1
Project("{FAE04EC0-301F-11D3-BF4B-00C04F79EFBC}") = "Js2IL.Tests", "Js2IL.Tests\Js2IL.Tests.csproj", "{E831ED33-5073-4608-9987-A9039D64327A}"
EndProject
Project("{FAE04EC0-301F-11D3-BF4B-00C04F79EFBC}") = "Js2IL", "Js2IL\Js2IL.csproj", "{D3741224-43A6-7E11-5E07-3F2F43DC3FB0}"
EndProject
Project("{FAE04EC0-301F-11D3-BF4B-00C04F79EFBC}") = "JavaScriptRuntime", "JavaScriptRuntime\JavaScriptRuntime.csproj", "{B2A1F7C3-4E5D-4A8B-9C2E-7F8A1B2C3D4E}"
EndProject
Global
	GlobalSection(SolutionConfigurationPlatforms) = preSolution
		Debug|Any CPU = Debug|Any CPU
		Debug|x64 = Debug|x64
		Debug|x86 = Debug|x86
		Release|Any CPU = Release|Any CPU
		Release|x64 = Release|x64
		Release|x86 = Release|x86
	EndGlobalSection
	GlobalSection(ProjectConfigurationPlatforms) = postSolution
		{E831ED33-5073-4608-9987-A9039D64327A}.Debug|Any CPU.ActiveCfg = Debug|Any CPU
		{E831ED33-5073-4608-9987-A9039D64327A}.Debug|Any CPU.Build.0 = Debug|Any CPU
		{E831ED33-5073-4608-9987-A9039D64327A}.Debug|x64.ActiveCfg = Debug|Any CPU
		{E831ED33-5073-4608-9987-A9039D64327A}.Debug|x64.Build.0 = Debug|Any CPU
		{E831ED33-5073-4608-9987-A9039D64327A}.Debug|x86.ActiveCfg = Debug|Any CPU
		{E831ED33-5073-4608-9987-A9039D64327A}.Debug|x86.Build.0 = Debug|Any CPU
		{E831ED33-5073-4608-9987-A9039D64327A}.Release|Any CPU.ActiveCfg = Release|Any CPU
		{E831ED33-5073-4608-9987-A9039D64327A}.Release|Any CPU.Build.0 = Release|Any CPU
		{E831ED33-5073-4608-9987-A9039D64327A}.Release|x64.ActiveCfg = Release|Any CPU
		{E831ED33-5073-4608-9987-A9039D64327A}.Release|x64.Build.0 = Release|Any CPU
		{E831ED33-5073-4608-9987-A9039D64327A}.Release|x86.ActiveCfg = Release|Any CPU
		{E831ED33-5073-4608-9987-A9039D64327A}.Release|x86.Build.0 = Release|Any CPU
		{D3741224-43A6-7E11-5E07-3F2F43DC3FB0}.Debug|Any CPU.ActiveCfg = Debug|Any CPU
		{D3741224-43A6-7E11-5E07-3F2F43DC3FB0}.Debug|Any CPU.Build.0 = Debug|Any CPU
		{D3741224-43A6-7E11-5E07-3F2F43DC3FB0}.Debug|x64.ActiveCfg = Debug|Any CPU
		{D3741224-43A6-7E11-5E07-3F2F43DC3FB0}.Debug|x64.Build.0 = Debug|Any CPU
		{D3741224-43A6-7E11-5E07-3F2F43DC3FB0}.Debug|x86.ActiveCfg = Debug|Any CPU
		{D3741224-43A6-7E11-5E07-3F2F43DC3FB0}.Debug|x86.Build.0 = Debug|Any CPU
		{D3741224-43A6-7E11-5E07-3F2F43DC3FB0}.Release|Any CPU.ActiveCfg = Release|Any CPU
		{D3741224-43A6-7E11-5E07-3F2F43DC3FB0}.Release|Any CPU.Build.0 = Release|Any CPU
		{D3741224-43A6-7E11-5E07-3F2F43DC3FB0}.Release|x64.ActiveCfg = Release|Any CPU
		{D3741224-43A6-7E11-5E07-3F2F43DC3FB0}.Release|x64.Build.0 = Release|Any CPU
		{D3741224-43A6-7E11-5E07-3F2F43DC3FB0}.Release|x86.ActiveCfg = Release|Any CPU
		{D3741224-43A6-7E11-5E07-3F2F43DC3FB0}.Release|x86.Build.0 = Release|Any CPU
	EndGlobalSection
	GlobalSection(SolutionProperties) = preSolution
		HideSolutionNode = FALSE
	EndGlobalSection
EndGlobal
